# This file was autogenerated by Stack.
# You should not edit this file by hand.
# For more information, please see the documentation at:
#   https://docs.haskellstack.org/en/stable/lock_files

packages:
- completed:
    hackage: gogol-0.5.0@sha256:01b38acf97ae0afb2465935fee1bebce03c1b84e629cf0887467be7ae361f0a7,3222
    pantry-tree:
      sha256: ab472e169f12b97837cdfca2262b2d6fb569ae17876cbc10e97186944a401866
      size: 1243
  original:
    hackage: gogol-0.5.0
- completed:
    hackage: gogol-storage-0.5.0@sha256:ba90fd79b014316e0c6088b30f9757e2394bb8af4265615ca5ea284b930586f9,4815
    pantry-tree:
      sha256: 7ec8bf02b1826ac7cd317df2012da79c8527030f7b50cc1632a992592e231ad3
      size: 5847
  original:
    hackage: gogol-storage-0.5.0
snapshots:
- completed:
    sha256: 428ec8d5ce932190d3cbe266b9eb3c175cd81e984babf876b64019e2cbe4ea68
    size: 590100
    url: https://raw.githubusercontent.com/commercialhaskell/stackage-snapshots/master/lts/18/28.yaml
  original: lts-18.28
